
Microsoft Visual Studio Solution File, Format Version 12.00
# Visual Studio Version 16
VisualStudioVersion = 16.0.31424.327
MinimumVisualStudioVersion = 10.0.40219.1
Project("{FAE04EC0-301F-11D3-BF4B-00C04F79EFBC}") = "SeleniumCSharpNetCore", "SeleniumCSharpNetCore.csproj", "{B11EFB49-2E29-4384-9B0B-7CAFEA03F28E}"
EndProject
Global
	GlobalSection(SolutionConfigurationPlatforms) = preSolution
		Debug|Any CPU = Debug|Any CPU
		Release|Any CPU = Release|Any CPU
	EndGlobalSection
	GlobalSection(ProjectConfigurationPlatforms) = postSolution
		{B11EFB49-2E29-4384-9B0B-7CAFEA03F28E}.Debug|Any CPU.ActiveCfg = Debug|Any CPU
		{B11EFB49-2E29-4384-9B0B-7CAFEA03F28E}.Debug|Any CPU.Build.0 = Debug|Any CPU
		{B11EFB49-2E29-4384-9B0B-7CAFEA03F28E}.Release|Any CPU.ActiveCfg = Release|Any CPU
		{B11EFB49-2E29-4384-9B0B-7CAFEA03F28E}.Release|Any CPU.Build.0 = Release|Any CPU
	EndGlobalSection
	GlobalSection(SolutionProperties) = preSolution
		HideSolutionNode = FALSE
	EndGlobalSection
	GlobalSection(ExtensibilityGlobals) = postSolution
		SolutionGuid = {093B5CD2-0136-43C7-9CED-1A442B413BB9}
	EndGlobalSection
EndGlobal
